{
  "version": 4,
  "terraform_version": "1.3.7",
  "serial": 11,
  "lineage": "43be87a3-7f51-3d20-5756-06d666f2c2b6",
  "outputs": {},
  "resources": [
    {
      "mode": "managed",
      "type": "github_repository",
      "name": "terraform_example",
      "provider": "provider[\"registry.terraform.io/integrations/github\"]",
      "instances": [
        {
          "schema_version": 1,
          "attributes": {
            "allow_auto_merge": false,
            "allow_merge_commit": false,
            "allow_rebase_merge": false,
            "allow_squash_merge": false,
            "allow_update_branch": false,
            "archive_on_destroy": null,
            "archived": false,
            "auto_init": null,
            "default_branch": "main",
            "delete_branch_on_merge": false,
            "description": "My awesome codebase",
            "etag": "W/\"d4671012f428f113e6deb01eb525d48343c165c024129085a99e76aaed213e8e\"",
            "full_name": "syedk-pfizer/terraform_example",
            "git_clone_url": "git://github.com/syedk-pfizer/terraform_example.git",
            "gitignore_template": null,
            "has_discussions": false,
            "has_downloads": false,
            "has_issues": false,
            "has_projects": false,
            "has_wiki": false,
            "homepage_url": "",
            "html_url": "https://github.com/syedk-pfizer/terraform_example",
            "http_clone_url": "https://github.com/syedk-pfizer/terraform_example.git",
            "id": "terraform_example",
            "ignore_vulnerability_alerts_during_read": null,
            "is_template": false,
            "license_template": null,
            "merge_commit_message": "",
            "merge_commit_title": "",
            "name": "terraform_example",
            "node_id": "R_kgDOJy8QSA",
            "pages": [],
            "private": false,
            "repo_id": 657395784,
            "security_and_analysis": [
              {
                "advanced_security": [],
                "secret_scanning": [
                  {
                    "status": "disabled"
                  }
                ],
                "secret_scanning_push_protection": [
                  {
                    "status": "disabled"
                  }
                ]
              }
            ],
            "squash_merge_commit_message": "",
            "squash_merge_commit_title": "",
            "ssh_clone_url": "git@github.com:syedk-pfizer/terraform_example.git",
            "svn_url": "https://github.com/syedk-pfizer/terraform_example",
            "template": [],
            "topics": null,
            "visibility": "public",
            "vulnerability_alerts": false
          },
          "sensitive_attributes": [],
          "private": "eyJzY2hlbWFfdmVyc2lvbiI6IjEifQ=="
        }
      ]
    }
  ],
  "check_results": null
}
