{
  "version": 4,
  "terraform_version": "1.3.7",
  "serial": 4,
  "lineage": "5b94d0c7-f60b-dd86-2ff9-8aa6cffddb96",
  "outputs": {
    "timestamp": {
      "value": "03 Jul 2023 03:36 UTC",
      "type": "string"
    }
  },
  "resources": [
    {
      "mode": "managed",
      "type": "aws_instance",
      "name": "app-dev",
      "provider": "provider[\"registry.terraform.io/hashicorp/aws\"]",
      "instances": [
        {
          "index_key": 0,
          "schema_version": 1,
          "attributes": {
            "ami": "ami-0470e33cd681b2476",
            "arn": "arn:aws:ec2:ap-south-1:970710616788:instance/i-057268c5137929402",
            "associate_public_ip_address": true,
            "availability_zone": "ap-south-1b",
            "capacity_reservation_specification": [
              {
                "capacity_reservation_preference": "open",
                "capacity_reservation_target": []
              }
            ],
            "cpu_core_count": 1,
            "cpu_options": [
              {
                "amd_sev_snp": "",
                "core_count": 1,
                "threads_per_core": 1
              }
            ],
            "cpu_threads_per_core": 1,
            "credit_specification": [
              {
                "cpu_credits": "standard"
              }
            ],
            "disable_api_stop": false,
            "disable_api_termination": false,
            "ebs_block_device": [],
            "ebs_optimized": false,
            "enclave_options": [
              {
                "enabled": false
              }
            ],
            "ephemeral_block_device": [],
            "get_password_data": false,
            "hibernation": false,
            "host_id": "",
            "host_resource_group_arn": null,
            "iam_instance_profile": "",
            "id": "i-057268c5137929402",
            "instance_initiated_shutdown_behavior": "stop",
            "instance_lifecycle": "",
            "instance_market_options": [],
            "instance_state": "running",
            "instance_type": "t2.micro",
            "ipv6_address_count": 0,
            "ipv6_addresses": [],
            "key_name": "login-key",
            "launch_template": [],
            "maintenance_options": [
              {
                "auto_recovery": "default"
              }
            ],
            "metadata_options": [
              {
                "http_endpoint": "enabled",
                "http_put_response_hop_limit": 1,
                "http_tokens": "optional",
                "instance_metadata_tags": "disabled"
              }
            ],
            "monitoring": false,
            "network_interface": [],
            "outpost_arn": "",
            "password_data": "",
            "placement_group": "",
            "placement_partition_number": 0,
            "primary_network_interface_id": "eni-03a5f22a48879729a",
            "private_dns": "ip-172-31-1-122.ap-south-1.compute.internal",
            "private_dns_name_options": [
              {
                "enable_resource_name_dns_a_record": false,
                "enable_resource_name_dns_aaaa_record": false,
                "hostname_type": "ip-name"
              }
            ],
            "private_ip": "172.31.1.122",
            "public_dns": "ec2-13-127-71-13.ap-south-1.compute.amazonaws.com",
            "public_ip": "13.127.71.13",
            "root_block_device": [
              {
                "delete_on_termination": true,
                "device_name": "/dev/xvda",
                "encrypted": false,
                "iops": 100,
                "kms_key_id": "",
                "tags": {},
                "throughput": 0,
                "volume_id": "vol-0fd815ef29f9bfef8",
                "volume_size": 8,
                "volume_type": "gp2"
              }
            ],
            "secondary_private_ips": [],
            "security_groups": [
              "default"
            ],
            "source_dest_check": true,
            "spot_instance_request_id": "",
            "subnet_id": "subnet-10e9895c",
            "tags": {
              "Name": "firstec2"
            },
            "tags_all": {
              "Name": "firstec2"
            },
            "tenancy": "default",
            "timeouts": null,
            "user_data": null,
            "user_data_base64": null,
            "user_data_replace_on_change": false,
            "volume_tags": null,
            "vpc_security_group_ids": [
              "sg-b800d5db"
            ]
          },
          "sensitive_attributes": [],
          "private": "eyJlMmJmYjczMC1lY2FhLTExZTYtOGY4OC0zNDM2M2JjN2M0YzAiOnsiY3JlYXRlIjo2MDAwMDAwMDAwMDAsImRlbGV0ZSI6MTIwMDAwMDAwMDAwMCwidXBkYXRlIjo2MDAwMDAwMDAwMDB9LCJzY2hlbWFfdmVyc2lvbiI6IjEifQ==",
          "dependencies": [
            "aws_key_pair.loginkey"
          ]
        },
        {
          "index_key": 1,
          "schema_version": 1,
          "attributes": {
            "ami": "ami-0470e33cd681b2476",
            "arn": "arn:aws:ec2:ap-south-1:970710616788:instance/i-0fd8f66612bfb8463",
            "associate_public_ip_address": true,
            "availability_zone": "ap-south-1b",
            "capacity_reservation_specification": [
              {
                "capacity_reservation_preference": "open",
                "capacity_reservation_target": []
              }
            ],
            "cpu_core_count": 1,
            "cpu_options": [
              {
                "amd_sev_snp": "",
                "core_count": 1,
                "threads_per_core": 1
              }
            ],
            "cpu_threads_per_core": 1,
            "credit_specification": [
              {
                "cpu_credits": "standard"
              }
            ],
            "disable_api_stop": false,
            "disable_api_termination": false,
            "ebs_block_device": [],
            "ebs_optimized": false,
            "enclave_options": [
              {
                "enabled": false
              }
            ],
            "ephemeral_block_device": [],
            "get_password_data": false,
            "hibernation": false,
            "host_id": "",
            "host_resource_group_arn": null,
            "iam_instance_profile": "",
            "id": "i-0fd8f66612bfb8463",
            "instance_initiated_shutdown_behavior": "stop",
            "instance_lifecycle": "",
            "instance_market_options": [],
            "instance_state": "running",
            "instance_type": "t2.micro",
            "ipv6_address_count": 0,
            "ipv6_addresses": [],
            "key_name": "login-key",
            "launch_template": [],
            "maintenance_options": [
              {
                "auto_recovery": "default"
              }
            ],
            "metadata_options": [
              {
                "http_endpoint": "enabled",
                "http_put_response_hop_limit": 1,
                "http_tokens": "optional",
                "instance_metadata_tags": "disabled"
              }
            ],
            "monitoring": false,
            "network_interface": [],
            "outpost_arn": "",
            "password_data": "",
            "placement_group": "",
            "placement_partition_number": 0,
            "primary_network_interface_id": "eni-0e0f083c007874a56",
            "private_dns": "ip-172-31-10-227.ap-south-1.compute.internal",
            "private_dns_name_options": [
              {
                "enable_resource_name_dns_a_record": false,
                "enable_resource_name_dns_aaaa_record": false,
                "hostname_type": "ip-name"
              }
            ],
            "private_ip": "172.31.10.227",
            "public_dns": "ec2-35-154-202-94.ap-south-1.compute.amazonaws.com",
            "public_ip": "35.154.202.94",
            "root_block_device": [
              {
                "delete_on_termination": true,
                "device_name": "/dev/xvda",
                "encrypted": false,
                "iops": 100,
                "kms_key_id": "",
                "tags": {},
                "throughput": 0,
                "volume_id": "vol-0befa4028b4b6ad8f",
                "volume_size": 8,
                "volume_type": "gp2"
              }
            ],
            "secondary_private_ips": [],
            "security_groups": [
              "default"
            ],
            "source_dest_check": true,
            "spot_instance_request_id": "",
            "subnet_id": "subnet-10e9895c",
            "tags": {
              "Name": "secondec2"
            },
            "tags_all": {
              "Name": "secondec2"
            },
            "tenancy": "default",
            "timeouts": null,
            "user_data": null,
            "user_data_base64": null,
            "user_data_replace_on_change": false,
            "volume_tags": null,
            "vpc_security_group_ids": [
              "sg-b800d5db"
            ]
          },
          "sensitive_attributes": [],
          "private": "eyJlMmJmYjczMC1lY2FhLTExZTYtOGY4OC0zNDM2M2JjN2M0YzAiOnsiY3JlYXRlIjo2MDAwMDAwMDAwMDAsImRlbGV0ZSI6MTIwMDAwMDAwMDAwMCwidXBkYXRlIjo2MDAwMDAwMDAwMDB9LCJzY2hlbWFfdmVyc2lvbiI6IjEifQ==",
          "dependencies": [
            "aws_key_pair.loginkey"
          ]
        }
      ]
    },
    {
      "mode": "managed",
      "type": "aws_key_pair",
      "name": "loginkey",
      "provider": "provider[\"registry.terraform.io/hashicorp/aws\"]",
      "instances": [
        {
          "schema_version": 1,
          "attributes": {
            "arn": "arn:aws:ec2:ap-south-1:970710616788:key-pair/login-key",
            "fingerprint": "81:23:70:fb:89:c1:ee:04:00:ca:1c:63:20:e8:0a:91",
            "id": "login-key",
            "key_name": "login-key",
            "key_name_prefix": "",
            "key_pair_id": "key-002fa913a00d68110",
            "key_type": "rsa",
            "public_key": "ssh-rsa AAAAB3NzaC1yc2EAAAADAQABAAACAQCScqaXpBjG6ZXq2V7lMFuzuanYSUd2LAUqrWdQ12pXUVhOMYWyGVxSkxaUO7VDCnyH4RrWOu1GvTDlESEBg6nejTaY2L6olbwAH+YrNUINE/J2NKrvAvTSRqQlaW5Be5c1TaF3KjDldZfTuF9UsBX8Z9e7DlW89qnkyW1wlipugutjEEdXfxDUcEY31h+Yj9Bk7/KopkV4e6lKdfp3+VtoYFqJDvGzP/00fdqEA8EEDwTldZOCCkRJ7VcrFd6qUlSbBep1FnZsgtJXwH/f7jWbRht0H8gGYrjSIbt0JgB9pBTXomeIY5PniXolo2mef0Mjzh5beO3BL2m1glT9fTdT+u/FzZ5tAHz/BztoCL3ujK8Oo1mSiXZYq/n9RTCeaLCSPVFTS7HPRAXoWLjSqTw5xB+pKbv2SBhBcnDRmiAuXicT4tTx+uEF//PU/DO4FP2u8NfsjfQWt5KaSKA0qIlSbRgZLHmyn9k1QyXQsLLM7et279B9vvo3ZF6tZy+DsEmZm/CpfIow9iqJyrBb9SlLrLg0lQwE6c9a7V0GFQwyJNzZud+r0Ymneg1vGwE+VrjO2AnwzrLg7bX+roKJqX4IbPo8eGpSc2lmHi1pJWhlmyQvK9uDTLFw3YFUqfsnE+tRyl17AQ8zlzMJroHKsA8qjJlahcBbD9d4MJKmx5E2yQ== syedmohammedkhalander@FVFFLLCFQ05D",
            "tags": null,
            "tags_all": {}
          },
          "sensitive_attributes": [],
          "private": "eyJzY2hlbWFfdmVyc2lvbiI6IjEifQ=="
        }
      ]
    }
  ],
  "check_results": null
}
